
Microsoft Visual Studio Solution File, Format Version 12.00
# Visual Studio 15
VisualStudioVersion = 15.0.28307.168
MinimumVisualStudioVersion = 10.0.40219.1
Project("{FAE04EC0-301F-11D3-BF4B-00C04F79EFBC}") = "GameCalendar", "GameCalendar\GameCalendar.csproj", "{427BD558-7394-45DC-89FB-83A29DBDD985}"
EndProject
Global
	GlobalSection(SolutionConfigurationPlatforms) = preSolution
		Debug|Any CPU = Debug|Any CPU
		Release|Any CPU = Release|Any CPU
	EndGlobalSection
	GlobalSection(ProjectConfigurationPlatforms) = postSolution
		{427BD558-7394-45DC-89FB-83A29DBDD985}.Debug|Any CPU.ActiveCfg = Debug|Any CPU
		{427BD558-7394-45DC-89FB-83A29DBDD985}.Debug|Any CPU.Build.0 = Debug|Any CPU
		{427BD558-7394-45DC-89FB-83A29DBDD985}.Release|Any CPU.ActiveCfg = Release|Any CPU
		{427BD558-7394-45DC-89FB-83A29DBDD985}.Release|Any CPU.Build.0 = Release|Any CPU
	EndGlobalSection
	GlobalSection(SolutionProperties) = preSolution
		HideSolutionNode = FALSE
	EndGlobalSection
	GlobalSection(ExtensibilityGlobals) = postSolution
		SolutionGuid = {35A452A8-9DF3-4F6C-8804-E4707E00F57E}
	EndGlobalSection
EndGlobal
